
Microsoft Visual Studio Solution File, Format Version 12.00
# Visual Studio Version 17
VisualStudioVersion = 17.9.34728.123
MinimumVisualStudioVersion = 10.0.40219.1
Project("{FAE04EC0-301F-11D3-BF4B-00C04F79EFBC}") = "Ijtima", "Ijtima\Ijtima.csproj", "{203FF767-D955-4A87-BA34-D047E32C6FAC}"
EndProject
Global
	GlobalSection(SolutionConfigurationPlatforms) = preSolution
		Debug|Any CPU = Debug|Any CPU
		Release|Any CPU = Release|Any CPU
	EndGlobalSection
	GlobalSection(ProjectConfigurationPlatforms) = postSolution
		{203FF767-D955-4A87-BA34-D047E32C6FAC}.Debug|Any CPU.ActiveCfg = Debug|Any CPU
		{203FF767-D955-4A87-BA34-D047E32C6FAC}.Debug|Any CPU.Build.0 = Debug|Any CPU
		{203FF767-D955-4A87-BA34-D047E32C6FAC}.Release|Any CPU.ActiveCfg = Release|Any CPU
		{203FF767-D955-4A87-BA34-D047E32C6FAC}.Release|Any CPU.Build.0 = Release|Any CPU
	EndGlobalSection
	GlobalSection(SolutionProperties) = preSolution
		HideSolutionNode = FALSE
	EndGlobalSection
	GlobalSection(ExtensibilityGlobals) = postSolution
		SolutionGuid = {9F47CA5E-F97F-4A6D-BD4C-5CBFAF94ABBA}
	EndGlobalSection
EndGlobal
